
Microsoft Visual Studio Solution File, Format Version 12.00
# Visual Studio Version 16
VisualStudioVersion = 16.0.31911.196
MinimumVisualStudioVersion = 10.0.40219.1
Project("{9A19103F-16F7-4668-BE54-9A1E7A4F7556}") = "uri_1000", "uri_1000\uri_1000.csproj", "{FEDA93E8-CF2A-498C-A44A-C13F1B2BE397}"
EndProject
Project("{9A19103F-16F7-4668-BE54-9A1E7A4F7556}") = "uri_1001", "uri_1001\uri_1001.csproj", "{9C1DDBA9-1E9C-4CB8-BD00-6D49F1766B19}"
EndProject
Project("{9A19103F-16F7-4668-BE54-9A1E7A4F7556}") = "uri_1002", "uri_1002\uri_1002.csproj", "{EC0E17FA-369C-4964-A332-14B2ECFD8BF3}"
EndProject
Project("{9A19103F-16F7-4668-BE54-9A1E7A4F7556}") = "uri_1003", "uri_1003\uri_1003.csproj", "{3A522929-3545-479C-A8DC-EF7305E387FF}"
EndProject
Project("{9A19103F-16F7-4668-BE54-9A1E7A4F7556}") = "uri_1004", "uri_1004\uri_1004.csproj", "{FA9F4127-21B3-49D3-8CE9-6D1B8CF73E03}"
EndProject
Project("{9A19103F-16F7-4668-BE54-9A1E7A4F7556}") = "uri_1005", "uri_1005\uri_1005.csproj", "{3303353C-7AC5-461B-BEBE-B68502C8568E}"
EndProject
Project("{9A19103F-16F7-4668-BE54-9A1E7A4F7556}") = "uri_1006", "uri_1006\uri_1006.csproj", "{4650E83E-3204-40BC-91E7-A79906D0BCB1}"
EndProject
Project("{9A19103F-16F7-4668-BE54-9A1E7A4F7556}") = "uri_1007", "uri_1007\uri_1007.csproj", "{C40D7242-8896-4DF2-A8E0-279191026E8D}"
EndProject
Project("{9A19103F-16F7-4668-BE54-9A1E7A4F7556}") = "uri_1008", "uri_1008\uri_1008.csproj", "{893AEE2B-EAC6-48E9-91CF-F3480358FC84}"
EndProject
Project("{9A19103F-16F7-4668-BE54-9A1E7A4F7556}") = "uri_1009", "uri_1009\uri_1009.csproj", "{96FA6D8F-53C3-49B4-A6D1-39FD72E33965}"
EndProject
Project("{9A19103F-16F7-4668-BE54-9A1E7A4F7556}") = "uri_1010", "uri_1010\uri_1010.csproj", "{6C55B49F-81CA-4BD8-9DED-11D781AE57D0}"
EndProject
Project("{9A19103F-16F7-4668-BE54-9A1E7A4F7556}") = "uri_1011", "uri_1011\uri_1011.csproj", "{472EE618-8B98-4845-9F45-02BBCFC69F8D}"
EndProject
Project("{9A19103F-16F7-4668-BE54-9A1E7A4F7556}") = "uri_1012", "uri_1012\uri_1012.csproj", "{CFCCAF61-CFEB-4E1A-8B44-1B816E457950}"
EndProject
Project("{9A19103F-16F7-4668-BE54-9A1E7A4F7556}") = "uri_1013", "uri_1013\uri_1013.csproj", "{F7A37EC9-BE64-4ABF-9CFD-E7C2AF56AF30}"
EndProject
Project("{9A19103F-16F7-4668-BE54-9A1E7A4F7556}") = "uri_1014", "uri_1014\uri_1014.csproj", "{56F5F6BB-7C1C-42C5-96E5-461261E995D3}"
EndProject
Project("{9A19103F-16F7-4668-BE54-9A1E7A4F7556}") = "uri_1015", "uri_10115\uri_1015.csproj", "{5842EB6C-6B4E-45AF-AEC5-457B9C1281C7}"
EndProject
Project("{FAE04EC0-301F-11D3-BF4B-00C04F79EFBC}") = "uri_1019", "uri_1019\uri_1019.csproj", "{3C3886E3-15CD-4031-A6C5-ADC1A826F8C6}"
EndProject
Project("{FAE04EC0-301F-11D3-BF4B-00C04F79EFBC}") = "uri_1016", "uri_1016\uri_1016.csproj", "{1886AE95-A3C9-48D8-9A11-884B6ED6EE62}"
EndProject
Project("{FAE04EC0-301F-11D3-BF4B-00C04F79EFBC}") = "uri_1021", "uri_1021\uri_1021.csproj", "{37750F5A-05AF-4275-BFCB-2D78F06F3067}"
EndProject
Project("{FAE04EC0-301F-11D3-BF4B-00C04F79EFBC}") = "uri_1017", "uri_1017\uri_1017.csproj", "{FE01F720-CDCB-43B9-9B71-D847A8B5F089}"
EndProject
Project("{FAE04EC0-301F-11D3-BF4B-00C04F79EFBC}") = "uri_1018", "uri_1018\uri_1018.csproj", "{74B684FB-8950-41E0-A012-79C04B0BACDD}"
EndProject
Project("{FAE04EC0-301F-11D3-BF4B-00C04F79EFBC}") = "uri_1020", "uri_1020\uri_1020.csproj", "{75043D57-DA8B-4D18-AECC-E10D295F784F}"
EndProject
Project("{9A19103F-16F7-4668-BE54-9A1E7A4F7556}") = "uri_1035", "uri_1035\uri_1035.csproj", "{36A7A39D-FAB4-4BEE-BCE3-358697262F2E}"
EndProject
Project("{9A19103F-16F7-4668-BE54-9A1E7A4F7556}") = "uri_1036", "uri_1036\uri_1036.csproj", "{C881964A-7473-400A-AE90-3D3D57325501}"
EndProject
Project("{9A19103F-16F7-4668-BE54-9A1E7A4F7556}") = "uri_1037", "uri_1037\uri_1037.csproj", "{E9C94EAC-5C10-4FC0-BC8E-52ED06CC4D90}"
EndProject
Project("{9A19103F-16F7-4668-BE54-9A1E7A4F7556}") = "uri_1038", "uri_1038\uri_1038.csproj", "{4A9D01E4-2BB7-4D68-9DF1-566FBEA24BC9}"
EndProject
Project("{9A19103F-16F7-4668-BE54-9A1E7A4F7556}") = "uri_1040", "uri_1040\uri_1040.csproj", "{C307AE69-18BA-4F4C-8062-159E27314135}"
EndProject
Project("{FAE04EC0-301F-11D3-BF4B-00C04F79EFBC}") = "uri_1042", "uri_1042\uri_1042.csproj", "{303E6704-78F3-4F79-9482-29830C7D1665}"
EndProject
Project("{FAE04EC0-301F-11D3-BF4B-00C04F79EFBC}") = "uri_1041", "uri_1041\uri_1041.csproj", "{5205AD1C-FCF1-47C7-813C-BF297F529442}"
EndProject
Project("{FAE04EC0-301F-11D3-BF4B-00C04F79EFBC}") = "uri_1043", "uri_1043\uri_1043.csproj", "{E667FF1B-26A1-42E1-ABB2-FEDA46F7285F}"
EndProject
Global
	GlobalSection(SolutionConfigurationPlatforms) = preSolution
		Debug|Any CPU = Debug|Any CPU
		Release|Any CPU = Release|Any CPU
	EndGlobalSection
	GlobalSection(ProjectConfigurationPlatforms) = postSolution
		{FEDA93E8-CF2A-498C-A44A-C13F1B2BE397}.Debug|Any CPU.ActiveCfg = Debug|Any CPU
		{FEDA93E8-CF2A-498C-A44A-C13F1B2BE397}.Debug|Any CPU.Build.0 = Debug|Any CPU
		{FEDA93E8-CF2A-498C-A44A-C13F1B2BE397}.Release|Any CPU.ActiveCfg = Release|Any CPU
		{FEDA93E8-CF2A-498C-A44A-C13F1B2BE397}.Release|Any CPU.Build.0 = Release|Any CPU
		{9C1DDBA9-1E9C-4CB8-BD00-6D49F1766B19}.Debug|Any CPU.ActiveCfg = Debug|Any CPU
		{9C1DDBA9-1E9C-4CB8-BD00-6D49F1766B19}.Debug|Any CPU.Build.0 = Debug|Any CPU
		{9C1DDBA9-1E9C-4CB8-BD00-6D49F1766B19}.Release|Any CPU.ActiveCfg = Release|Any CPU
		{9C1DDBA9-1E9C-4CB8-BD00-6D49F1766B19}.Release|Any CPU.Build.0 = Release|Any CPU
		{EC0E17FA-369C-4964-A332-14B2ECFD8BF3}.Debug|Any CPU.ActiveCfg = Debug|Any CPU
		{EC0E17FA-369C-4964-A332-14B2ECFD8BF3}.Debug|Any CPU.Build.0 = Debug|Any CPU
		{EC0E17FA-369C-4964-A332-14B2ECFD8BF3}.Release|Any CPU.ActiveCfg = Release|Any CPU
		{EC0E17FA-369C-4964-A332-14B2ECFD8BF3}.Release|Any CPU.Build.0 = Release|Any CPU
		{3A522929-3545-479C-A8DC-EF7305E387FF}.Debug|Any CPU.ActiveCfg = Debug|Any CPU
		{3A522929-3545-479C-A8DC-EF7305E387FF}.Debug|Any CPU.Build.0 = Debug|Any CPU
		{3A522929-3545-479C-A8DC-EF7305E387FF}.Release|Any CPU.ActiveCfg = Release|Any CPU
		{3A522929-3545-479C-A8DC-EF7305E387FF}.Release|Any CPU.Build.0 = Release|Any CPU
		{FA9F4127-21B3-49D3-8CE9-6D1B8CF73E03}.Debug|Any CPU.ActiveCfg = Debug|Any CPU
		{FA9F4127-21B3-49D3-8CE9-6D1B8CF73E03}.Debug|Any CPU.Build.0 = Debug|Any CPU
		{FA9F4127-21B3-49D3-8CE9-6D1B8CF73E03}.Release|Any CPU.ActiveCfg = Release|Any CPU
		{FA9F4127-21B3-49D3-8CE9-6D1B8CF73E03}.Release|Any CPU.Build.0 = Release|Any CPU
		{3303353C-7AC5-461B-BEBE-B68502C8568E}.Debug|Any CPU.ActiveCfg = Debug|Any CPU
		{3303353C-7AC5-461B-BEBE-B68502C8568E}.Debug|Any CPU.Build.0 = Debug|Any CPU
		{3303353C-7AC5-461B-BEBE-B68502C8568E}.Release|Any CPU.ActiveCfg = Release|Any CPU
		{3303353C-7AC5-461B-BEBE-B68502C8568E}.Release|Any CPU.Build.0 = Release|Any CPU
		{4650E83E-3204-40BC-91E7-A79906D0BCB1}.Debug|Any CPU.ActiveCfg = Debug|Any CPU
		{4650E83E-3204-40BC-91E7-A79906D0BCB1}.Debug|Any CPU.Build.0 = Debug|Any CPU
		{4650E83E-3204-40BC-91E7-A79906D0BCB1}.Release|Any CPU.ActiveCfg = Release|Any CPU
		{4650E83E-3204-40BC-91E7-A79906D0BCB1}.Release|Any CPU.Build.0 = Release|Any CPU
		{C40D7242-8896-4DF2-A8E0-279191026E8D}.Debug|Any CPU.ActiveCfg = Debug|Any CPU
		{C40D7242-8896-4DF2-A8E0-279191026E8D}.Debug|Any CPU.Build.0 = Debug|Any CPU
		{C40D7242-8896-4DF2-A8E0-279191026E8D}.Release|Any CPU.ActiveCfg = Release|Any CPU
		{C40D7242-8896-4DF2-A8E0-279191026E8D}.Release|Any CPU.Build.0 = Release|Any CPU
		{893AEE2B-EAC6-48E9-91CF-F3480358FC84}.Debug|Any CPU.ActiveCfg = Debug|Any CPU
		{893AEE2B-EAC6-48E9-91CF-F3480358FC84}.Debug|Any CPU.Build.0 = Debug|Any CPU
		{893AEE2B-EAC6-48E9-91CF-F3480358FC84}.Release|Any CPU.ActiveCfg = Release|Any CPU
		{893AEE2B-EAC6-48E9-91CF-F3480358FC84}.Release|Any CPU.Build.0 = Release|Any CPU
		{96FA6D8F-53C3-49B4-A6D1-39FD72E33965}.Debug|Any CPU.ActiveCfg = Debug|Any CPU
		{96FA6D8F-53C3-49B4-A6D1-39FD72E33965}.Debug|Any CPU.Build.0 = Debug|Any CPU
		{96FA6D8F-53C3-49B4-A6D1-39FD72E33965}.Release|Any CPU.ActiveCfg = Release|Any CPU
		{96FA6D8F-53C3-49B4-A6D1-39FD72E33965}.Release|Any CPU.Build.0 = Release|Any CPU
		{6C55B49F-81CA-4BD8-9DED-11D781AE57D0}.Debug|Any CPU.ActiveCfg = Debug|Any CPU
		{6C55B49F-81CA-4BD8-9DED-11D781AE57D0}.Debug|Any CPU.Build.0 = Debug|Any CPU
		{6C55B49F-81CA-4BD8-9DED-11D781AE57D0}.Release|Any CPU.ActiveCfg = Release|Any CPU
		{6C55B49F-81CA-4BD8-9DED-11D781AE57D0}.Release|Any CPU.Build.0 = Release|Any CPU
		{472EE618-8B98-4845-9F45-02BBCFC69F8D}.Debug|Any CPU.ActiveCfg = Debug|Any CPU
		{472EE618-8B98-4845-9F45-02BBCFC69F8D}.Debug|Any CPU.Build.0 = Debug|Any CPU
		{472EE618-8B98-4845-9F45-02BBCFC69F8D}.Release|Any CPU.ActiveCfg = Release|Any CPU
		{472EE618-8B98-4845-9F45-02BBCFC69F8D}.Release|Any CPU.Build.0 = Release|Any CPU
		{CFCCAF61-CFEB-4E1A-8B44-1B816E457950}.Debug|Any CPU.ActiveCfg = Debug|Any CPU
		{CFCCAF61-CFEB-4E1A-8B44-1B816E457950}.Debug|Any CPU.Build.0 = Debug|Any CPU
		{CFCCAF61-CFEB-4E1A-8B44-1B816E457950}.Release|Any CPU.ActiveCfg = Release|Any CPU
		{CFCCAF61-CFEB-4E1A-8B44-1B816E457950}.Release|Any CPU.Build.0 = Release|Any CPU
		{F7A37EC9-BE64-4ABF-9CFD-E7C2AF56AF30}.Debug|Any CPU.ActiveCfg = Debug|Any CPU
		{F7A37EC9-BE64-4ABF-9CFD-E7C2AF56AF30}.Debug|Any CPU.Build.0 = Debug|Any CPU
		{F7A37EC9-BE64-4ABF-9CFD-E7C2AF56AF30}.Release|Any CPU.ActiveCfg = Release|Any CPU
		{F7A37EC9-BE64-4ABF-9CFD-E7C2AF56AF30}.Release|Any CPU.Build.0 = Release|Any CPU
		{56F5F6BB-7C1C-42C5-96E5-461261E995D3}.Debug|Any CPU.ActiveCfg = Debug|Any CPU
		{56F5F6BB-7C1C-42C5-96E5-461261E995D3}.Debug|Any CPU.Build.0 = Debug|Any CPU
		{56F5F6BB-7C1C-42C5-96E5-461261E995D3}.Release|Any CPU.ActiveCfg = Release|Any CPU
		{56F5F6BB-7C1C-42C5-96E5-461261E995D3}.Release|Any CPU.Build.0 = Release|Any CPU
		{5842EB6C-6B4E-45AF-AEC5-457B9C1281C7}.Debug|Any CPU.ActiveCfg = Debug|Any CPU
		{5842EB6C-6B4E-45AF-AEC5-457B9C1281C7}.Debug|Any CPU.Build.0 = Debug|Any CPU
		{5842EB6C-6B4E-45AF-AEC5-457B9C1281C7}.Release|Any CPU.ActiveCfg = Release|Any CPU
		{5842EB6C-6B4E-45AF-AEC5-457B9C1281C7}.Release|Any CPU.Build.0 = Release|Any CPU
		{3C3886E3-15CD-4031-A6C5-ADC1A826F8C6}.Debug|Any CPU.ActiveCfg = Debug|Any CPU
		{3C3886E3-15CD-4031-A6C5-ADC1A826F8C6}.Debug|Any CPU.Build.0 = Debug|Any CPU
		{3C3886E3-15CD-4031-A6C5-ADC1A826F8C6}.Release|Any CPU.ActiveCfg = Release|Any CPU
		{3C3886E3-15CD-4031-A6C5-ADC1A826F8C6}.Release|Any CPU.Build.0 = Release|Any CPU
		{1886AE95-A3C9-48D8-9A11-884B6ED6EE62}.Debug|Any CPU.ActiveCfg = Debug|Any CPU
		{1886AE95-A3C9-48D8-9A11-884B6ED6EE62}.Debug|Any CPU.Build.0 = Debug|Any CPU
		{1886AE95-A3C9-48D8-9A11-884B6ED6EE62}.Release|Any CPU.ActiveCfg = Release|Any CPU
		{1886AE95-A3C9-48D8-9A11-884B6ED6EE62}.Release|Any CPU.Build.0 = Release|Any CPU
		{37750F5A-05AF-4275-BFCB-2D78F06F3067}.Debug|Any CPU.ActiveCfg = Debug|Any CPU
		{37750F5A-05AF-4275-BFCB-2D78F06F3067}.Debug|Any CPU.Build.0 = Debug|Any CPU
		{37750F5A-05AF-4275-BFCB-2D78F06F3067}.Release|Any CPU.ActiveCfg = Release|Any CPU
		{37750F5A-05AF-4275-BFCB-2D78F06F3067}.Release|Any CPU.Build.0 = Release|Any CPU
		{FE01F720-CDCB-43B9-9B71-D847A8B5F089}.Debug|Any CPU.ActiveCfg = Debug|Any CPU
		{FE01F720-CDCB-43B9-9B71-D847A8B5F089}.Debug|Any CPU.Build.0 = Debug|Any CPU
		{FE01F720-CDCB-43B9-9B71-D847A8B5F089}.Release|Any CPU.ActiveCfg = Release|Any CPU
		{FE01F720-CDCB-43B9-9B71-D847A8B5F089}.Release|Any CPU.Build.0 = Release|Any CPU
		{74B684FB-8950-41E0-A012-79C04B0BACDD}.Debug|Any CPU.ActiveCfg = Debug|Any CPU
		{74B684FB-8950-41E0-A012-79C04B0BACDD}.Debug|Any CPU.Build.0 = Debug|Any CPU
		{74B684FB-8950-41E0-A012-79C04B0BACDD}.Release|Any CPU.ActiveCfg = Release|Any CPU
		{74B684FB-8950-41E0-A012-79C04B0BACDD}.Release|Any CPU.Build.0 = Release|Any CPU
		{75043D57-DA8B-4D18-AECC-E10D295F784F}.Debug|Any CPU.ActiveCfg = Debug|Any CPU
		{75043D57-DA8B-4D18-AECC-E10D295F784F}.Debug|Any CPU.Build.0 = Debug|Any CPU
		{75043D57-DA8B-4D18-AECC-E10D295F784F}.Release|Any CPU.ActiveCfg = Release|Any CPU
		{75043D57-DA8B-4D18-AECC-E10D295F784F}.Release|Any CPU.Build.0 = Release|Any CPU
		{36A7A39D-FAB4-4BEE-BCE3-358697262F2E}.Debug|Any CPU.ActiveCfg = Debug|Any CPU
		{36A7A39D-FAB4-4BEE-BCE3-358697262F2E}.Debug|Any CPU.Build.0 = Debug|Any CPU
		{36A7A39D-FAB4-4BEE-BCE3-358697262F2E}.Release|Any CPU.ActiveCfg = Release|Any CPU
		{36A7A39D-FAB4-4BEE-BCE3-358697262F2E}.Release|Any CPU.Build.0 = Release|Any CPU
		{C881964A-7473-400A-AE90-3D3D57325501}.Debug|Any CPU.ActiveCfg = Debug|Any CPU
		{C881964A-7473-400A-AE90-3D3D57325501}.Debug|Any CPU.Build.0 = Debug|Any CPU
		{C881964A-7473-400A-AE90-3D3D57325501}.Release|Any CPU.ActiveCfg = Release|Any CPU
		{C881964A-7473-400A-AE90-3D3D57325501}.Release|Any CPU.Build.0 = Release|Any CPU
		{E9C94EAC-5C10-4FC0-BC8E-52ED06CC4D90}.Debug|Any CPU.ActiveCfg = Debug|Any CPU
		{E9C94EAC-5C10-4FC0-BC8E-52ED06CC4D90}.Debug|Any CPU.Build.0 = Debug|Any CPU
		{E9C94EAC-5C10-4FC0-BC8E-52ED06CC4D90}.Release|Any CPU.ActiveCfg = Release|Any CPU
		{E9C94EAC-5C10-4FC0-BC8E-52ED06CC4D90}.Release|Any CPU.Build.0 = Release|Any CPU
		{4A9D01E4-2BB7-4D68-9DF1-566FBEA24BC9}.Debug|Any CPU.ActiveCfg = Debug|Any CPU
		{4A9D01E4-2BB7-4D68-9DF1-566FBEA24BC9}.Debug|Any CPU.Build.0 = Debug|Any CPU
		{4A9D01E4-2BB7-4D68-9DF1-566FBEA24BC9}.Release|Any CPU.ActiveCfg = Release|Any CPU
		{4A9D01E4-2BB7-4D68-9DF1-566FBEA24BC9}.Release|Any CPU.Build.0 = Release|Any CPU
		{C307AE69-18BA-4F4C-8062-159E27314135}.Debug|Any CPU.ActiveCfg = Debug|Any CPU
		{C307AE69-18BA-4F4C-8062-159E27314135}.Debug|Any CPU.Build.0 = Debug|Any CPU
		{C307AE69-18BA-4F4C-8062-159E27314135}.Release|Any CPU.ActiveCfg = Release|Any CPU
		{C307AE69-18BA-4F4C-8062-159E27314135}.Release|Any CPU.Build.0 = Release|Any CPU
		{303E6704-78F3-4F79-9482-29830C7D1665}.Debug|Any CPU.ActiveCfg = Debug|Any CPU
		{303E6704-78F3-4F79-9482-29830C7D1665}.Debug|Any CPU.Build.0 = Debug|Any CPU
		{303E6704-78F3-4F79-9482-29830C7D1665}.Release|Any CPU.ActiveCfg = Release|Any CPU
		{303E6704-78F3-4F79-9482-29830C7D1665}.Release|Any CPU.Build.0 = Release|Any CPU
		{5205AD1C-FCF1-47C7-813C-BF297F529442}.Debug|Any CPU.ActiveCfg = Debug|Any CPU
		{5205AD1C-FCF1-47C7-813C-BF297F529442}.Debug|Any CPU.Build.0 = Debug|Any CPU
		{5205AD1C-FCF1-47C7-813C-BF297F529442}.Release|Any CPU.ActiveCfg = Release|Any CPU
		{5205AD1C-FCF1-47C7-813C-BF297F529442}.Release|Any CPU.Build.0 = Release|Any CPU
		{E667FF1B-26A1-42E1-ABB2-FEDA46F7285F}.Debug|Any CPU.ActiveCfg = Debug|Any CPU
		{E667FF1B-26A1-42E1-ABB2-FEDA46F7285F}.Debug|Any CPU.Build.0 = Debug|Any CPU
		{E667FF1B-26A1-42E1-ABB2-FEDA46F7285F}.Release|Any CPU.ActiveCfg = Release|Any CPU
		{E667FF1B-26A1-42E1-ABB2-FEDA46F7285F}.Release|Any CPU.Build.0 = Release|Any CPU
	EndGlobalSection
	GlobalSection(SolutionProperties) = preSolution
		HideSolutionNode = FALSE
	EndGlobalSection
	GlobalSection(ExtensibilityGlobals) = postSolution
		SolutionGuid = {C4CFA124-ED30-4911-A99A-87BF8F6BF79B}
	EndGlobalSection
EndGlobal
