
Microsoft Visual Studio Solution File, Format Version 12.00
# Visual Studio Version 16
VisualStudioVersion = 16.0.31911.196
MinimumVisualStudioVersion = 10.0.40219.1
Project("{9A19103F-16F7-4668-BE54-9A1E7A4F7556}") = "uri_1000", "uri_1000\uri_1000.csproj", "{FEDA93E8-CF2A-498C-A44A-C13F1B2BE397}"
EndProject
Project("{9A19103F-16F7-4668-BE54-9A1E7A4F7556}") = "uri_1001", "uri_1001\uri_1001.csproj", "{9C1DDBA9-1E9C-4CB8-BD00-6D49F1766B19}"
EndProject
Project("{9A19103F-16F7-4668-BE54-9A1E7A4F7556}") = "uri_1002", "uri_1002\uri_1002.csproj", "{EC0E17FA-369C-4964-A332-14B2ECFD8BF3}"
EndProject
Project("{9A19103F-16F7-4668-BE54-9A1E7A4F7556}") = "uri_1003", "uri_1003\uri_1003.csproj", "{3A522929-3545-479C-A8DC-EF7305E387FF}"
EndProject
Project("{9A19103F-16F7-4668-BE54-9A1E7A4F7556}") = "uri_1004", "uri_1004\uri_1004.csproj", "{FA9F4127-21B3-49D3-8CE9-6D1B8CF73E03}"
EndProject
Project("{9A19103F-16F7-4668-BE54-9A1E7A4F7556}") = "uri_1005", "uri_1005\uri_1005.csproj", "{3303353C-7AC5-461B-BEBE-B68502C8568E}"
EndProject
Project("{9A19103F-16F7-4668-BE54-9A1E7A4F7556}") = "uri_1006", "uri_1006\uri_1006.csproj", "{4650E83E-3204-40BC-91E7-A79906D0BCB1}"
EndProject
Project("{9A19103F-16F7-4668-BE54-9A1E7A4F7556}") = "uri_1007", "uri_1007\uri_1007.csproj", "{C40D7242-8896-4DF2-A8E0-279191026E8D}"
EndProject
Project("{9A19103F-16F7-4668-BE54-9A1E7A4F7556}") = "uri_1008", "uri_1008\uri_1008.csproj", "{893AEE2B-EAC6-48E9-91CF-F3480358FC84}"
EndProject
Project("{9A19103F-16F7-4668-BE54-9A1E7A4F7556}") = "uri_1009", "uri_1009\uri_1009.csproj", "{96FA6D8F-53C3-49B4-A6D1-39FD72E33965}"
EndProject
Project("{9A19103F-16F7-4668-BE54-9A1E7A4F7556}") = "uri_1010", "uri_1010\uri_1010.csproj", "{6C55B49F-81CA-4BD8-9DED-11D781AE57D0}"
EndProject
Project("{9A19103F-16F7-4668-BE54-9A1E7A4F7556}") = "uri_1011", "uri_1011\uri_1011.csproj", "{472EE618-8B98-4845-9F45-02BBCFC69F8D}"
EndProject
Project("{9A19103F-16F7-4668-BE54-9A1E7A4F7556}") = "uri_1012", "uri_1012\uri_1012.csproj", "{CFCCAF61-CFEB-4E1A-8B44-1B816E457950}"
EndProject
Project("{9A19103F-16F7-4668-BE54-9A1E7A4F7556}") = "uri_1013", "uri_1013\uri_1013.csproj", "{F7A37EC9-BE64-4ABF-9CFD-E7C2AF56AF30}"
EndProject
Project("{9A19103F-16F7-4668-BE54-9A1E7A4F7556}") = "uri_1014", "uri_1014\uri_1014.csproj", "{56F5F6BB-7C1C-42C5-96E5-461261E995D3}"
EndProject
Project("{FAE04EC0-301F-11D3-BF4B-00C04F79EFBC}") = "uri_10115", "uri_10115\uri_10115.csproj", "{5842EB6C-6B4E-45AF-AEC5-457B9C1281C7}"
EndProject
Global
	GlobalSection(SolutionConfigurationPlatforms) = preSolution
		Debug|Any CPU = Debug|Any CPU
		Release|Any CPU = Release|Any CPU
	EndGlobalSection
	GlobalSection(ProjectConfigurationPlatforms) = postSolution
		{FEDA93E8-CF2A-498C-A44A-C13F1B2BE397}.Debug|Any CPU.ActiveCfg = Debug|Any CPU
		{FEDA93E8-CF2A-498C-A44A-C13F1B2BE397}.Debug|Any CPU.Build.0 = Debug|Any CPU
		{FEDA93E8-CF2A-498C-A44A-C13F1B2BE397}.Release|Any CPU.ActiveCfg = Release|Any CPU
		{FEDA93E8-CF2A-498C-A44A-C13F1B2BE397}.Release|Any CPU.Build.0 = Release|Any CPU
		{9C1DDBA9-1E9C-4CB8-BD00-6D49F1766B19}.Debug|Any CPU.ActiveCfg = Debug|Any CPU
		{9C1DDBA9-1E9C-4CB8-BD00-6D49F1766B19}.Debug|Any CPU.Build.0 = Debug|Any CPU
		{9C1DDBA9-1E9C-4CB8-BD00-6D49F1766B19}.Release|Any CPU.ActiveCfg = Release|Any CPU
		{9C1DDBA9-1E9C-4CB8-BD00-6D49F1766B19}.Release|Any CPU.Build.0 = Release|Any CPU
		{EC0E17FA-369C-4964-A332-14B2ECFD8BF3}.Debug|Any CPU.ActiveCfg = Debug|Any CPU
		{EC0E17FA-369C-4964-A332-14B2ECFD8BF3}.Debug|Any CPU.Build.0 = Debug|Any CPU
		{EC0E17FA-369C-4964-A332-14B2ECFD8BF3}.Release|Any CPU.ActiveCfg = Release|Any CPU
		{EC0E17FA-369C-4964-A332-14B2ECFD8BF3}.Release|Any CPU.Build.0 = Release|Any CPU
		{3A522929-3545-479C-A8DC-EF7305E387FF}.Debug|Any CPU.ActiveCfg = Debug|Any CPU
		{3A522929-3545-479C-A8DC-EF7305E387FF}.Debug|Any CPU.Build.0 = Debug|Any CPU
		{3A522929-3545-479C-A8DC-EF7305E387FF}.Release|Any CPU.ActiveCfg = Release|Any CPU
		{3A522929-3545-479C-A8DC-EF7305E387FF}.Release|Any CPU.Build.0 = Release|Any CPU
		{FA9F4127-21B3-49D3-8CE9-6D1B8CF73E03}.Debug|Any CPU.ActiveCfg = Debug|Any CPU
		{FA9F4127-21B3-49D3-8CE9-6D1B8CF73E03}.Debug|Any CPU.Build.0 = Debug|Any CPU
		{FA9F4127-21B3-49D3-8CE9-6D1B8CF73E03}.Release|Any CPU.ActiveCfg = Release|Any CPU
		{FA9F4127-21B3-49D3-8CE9-6D1B8CF73E03}.Release|Any CPU.Build.0 = Release|Any CPU
		{3303353C-7AC5-461B-BEBE-B68502C8568E}.Debug|Any CPU.ActiveCfg = Debug|Any CPU
		{3303353C-7AC5-461B-BEBE-B68502C8568E}.Debug|Any CPU.Build.0 = Debug|Any CPU
		{3303353C-7AC5-461B-BEBE-B68502C8568E}.Release|Any CPU.ActiveCfg = Release|Any CPU
		{3303353C-7AC5-461B-BEBE-B68502C8568E}.Release|Any CPU.Build.0 = Release|Any CPU
		{4650E83E-3204-40BC-91E7-A79906D0BCB1}.Debug|Any CPU.ActiveCfg = Debug|Any CPU
		{4650E83E-3204-40BC-91E7-A79906D0BCB1}.Debug|Any CPU.Build.0 = Debug|Any CPU
		{4650E83E-3204-40BC-91E7-A79906D0BCB1}.Release|Any CPU.ActiveCfg = Release|Any CPU
		{4650E83E-3204-40BC-91E7-A79906D0BCB1}.Release|Any CPU.Build.0 = Release|Any CPU
		{C40D7242-8896-4DF2-A8E0-279191026E8D}.Debug|Any CPU.ActiveCfg = Debug|Any CPU
		{C40D7242-8896-4DF2-A8E0-279191026E8D}.Debug|Any CPU.Build.0 = Debug|Any CPU
		{C40D7242-8896-4DF2-A8E0-279191026E8D}.Release|Any CPU.ActiveCfg = Release|Any CPU
		{C40D7242-8896-4DF2-A8E0-279191026E8D}.Release|Any CPU.Build.0 = Release|Any CPU
		{893AEE2B-EAC6-48E9-91CF-F3480358FC84}.Debug|Any CPU.ActiveCfg = Debug|Any CPU
		{893AEE2B-EAC6-48E9-91CF-F3480358FC84}.Debug|Any CPU.Build.0 = Debug|Any CPU
		{893AEE2B-EAC6-48E9-91CF-F3480358FC84}.Release|Any CPU.ActiveCfg = Release|Any CPU
		{893AEE2B-EAC6-48E9-91CF-F3480358FC84}.Release|Any CPU.Build.0 = Release|Any CPU
		{96FA6D8F-53C3-49B4-A6D1-39FD72E33965}.Debug|Any CPU.ActiveCfg = Debug|Any CPU
		{96FA6D8F-53C3-49B4-A6D1-39FD72E33965}.Debug|Any CPU.Build.0 = Debug|Any CPU
		{96FA6D8F-53C3-49B4-A6D1-39FD72E33965}.Release|Any CPU.ActiveCfg = Release|Any CPU
		{96FA6D8F-53C3-49B4-A6D1-39FD72E33965}.Release|Any CPU.Build.0 = Release|Any CPU
		{6C55B49F-81CA-4BD8-9DED-11D781AE57D0}.Debug|Any CPU.ActiveCfg = Debug|Any CPU
		{6C55B49F-81CA-4BD8-9DED-11D781AE57D0}.Debug|Any CPU.Build.0 = Debug|Any CPU
		{6C55B49F-81CA-4BD8-9DED-11D781AE57D0}.Release|Any CPU.ActiveCfg = Release|Any CPU
		{6C55B49F-81CA-4BD8-9DED-11D781AE57D0}.Release|Any CPU.Build.0 = Release|Any CPU
		{472EE618-8B98-4845-9F45-02BBCFC69F8D}.Debug|Any CPU.ActiveCfg = Debug|Any CPU
		{472EE618-8B98-4845-9F45-02BBCFC69F8D}.Debug|Any CPU.Build.0 = Debug|Any CPU
		{472EE618-8B98-4845-9F45-02BBCFC69F8D}.Release|Any CPU.ActiveCfg = Release|Any CPU
		{472EE618-8B98-4845-9F45-02BBCFC69F8D}.Release|Any CPU.Build.0 = Release|Any CPU
		{CFCCAF61-CFEB-4E1A-8B44-1B816E457950}.Debug|Any CPU.ActiveCfg = Debug|Any CPU
		{CFCCAF61-CFEB-4E1A-8B44-1B816E457950}.Debug|Any CPU.Build.0 = Debug|Any CPU
		{CFCCAF61-CFEB-4E1A-8B44-1B816E457950}.Release|Any CPU.ActiveCfg = Release|Any CPU
		{CFCCAF61-CFEB-4E1A-8B44-1B816E457950}.Release|Any CPU.Build.0 = Release|Any CPU
		{F7A37EC9-BE64-4ABF-9CFD-E7C2AF56AF30}.Debug|Any CPU.ActiveCfg = Debug|Any CPU
		{F7A37EC9-BE64-4ABF-9CFD-E7C2AF56AF30}.Debug|Any CPU.Build.0 = Debug|Any CPU
		{F7A37EC9-BE64-4ABF-9CFD-E7C2AF56AF30}.Release|Any CPU.ActiveCfg = Release|Any CPU
		{F7A37EC9-BE64-4ABF-9CFD-E7C2AF56AF30}.Release|Any CPU.Build.0 = Release|Any CPU
		{56F5F6BB-7C1C-42C5-96E5-461261E995D3}.Debug|Any CPU.ActiveCfg = Debug|Any CPU
		{56F5F6BB-7C1C-42C5-96E5-461261E995D3}.Debug|Any CPU.Build.0 = Debug|Any CPU
		{56F5F6BB-7C1C-42C5-96E5-461261E995D3}.Release|Any CPU.ActiveCfg = Release|Any CPU
		{56F5F6BB-7C1C-42C5-96E5-461261E995D3}.Release|Any CPU.Build.0 = Release|Any CPU
		{5842EB6C-6B4E-45AF-AEC5-457B9C1281C7}.Debug|Any CPU.ActiveCfg = Debug|Any CPU
		{5842EB6C-6B4E-45AF-AEC5-457B9C1281C7}.Debug|Any CPU.Build.0 = Debug|Any CPU
		{5842EB6C-6B4E-45AF-AEC5-457B9C1281C7}.Release|Any CPU.ActiveCfg = Release|Any CPU
		{5842EB6C-6B4E-45AF-AEC5-457B9C1281C7}.Release|Any CPU.Build.0 = Release|Any CPU
	EndGlobalSection
	GlobalSection(SolutionProperties) = preSolution
		HideSolutionNode = FALSE
	EndGlobalSection
	GlobalSection(ExtensibilityGlobals) = postSolution
		SolutionGuid = {C4CFA124-ED30-4911-A99A-87BF8F6BF79B}
	EndGlobalSection
EndGlobal
